
Microsoft Visual Studio Solution File, Format Version 12.00
# Visual Studio Version 17
VisualStudioVersion = 17.2.32630.192
MinimumVisualStudioVersion = 10.0.40219.1
Project("{9A19103F-16F7-4668-BE54-9A1E7A4F7556}") = "CalcWpfApp", "CalcWpfApp\CalcWpfApp.csproj", "{6EFA2FB3-1529-41AE-A4FB-EEE2CB6420B0}"
EndProject
Project("{9A19103F-16F7-4668-BE54-9A1E7A4F7556}") = "Plugin", "Plugin\Plugin.csproj", "{8739DABE-E37B-4BFC-9E07-FEDB0BB1BCA6}"
EndProject
Project("{9A19103F-16F7-4668-BE54-9A1E7A4F7556}") = "Contract", "Contract\Contract.csproj", "{06A4D57A-C8E4-4A8F-8851-E06E6D44F046}"
EndProject
Global
	GlobalSection(SolutionConfigurationPlatforms) = preSolution
		Debug|Any CPU = Debug|Any CPU
		Release|Any CPU = Release|Any CPU
	EndGlobalSection
	GlobalSection(ProjectConfigurationPlatforms) = postSolution
		{6EFA2FB3-1529-41AE-A4FB-EEE2CB6420B0}.Debug|Any CPU.ActiveCfg = Debug|Any CPU
		{6EFA2FB3-1529-41AE-A4FB-EEE2CB6420B0}.Debug|Any CPU.Build.0 = Debug|Any CPU
		{6EFA2FB3-1529-41AE-A4FB-EEE2CB6420B0}.Release|Any CPU.ActiveCfg = Release|Any CPU
		{6EFA2FB3-1529-41AE-A4FB-EEE2CB6420B0}.Release|Any CPU.Build.0 = Release|Any CPU
		{8739DABE-E37B-4BFC-9E07-FEDB0BB1BCA6}.Debug|Any CPU.ActiveCfg = Debug|Any CPU
		{8739DABE-E37B-4BFC-9E07-FEDB0BB1BCA6}.Debug|Any CPU.Build.0 = Debug|Any CPU
		{8739DABE-E37B-4BFC-9E07-FEDB0BB1BCA6}.Release|Any CPU.ActiveCfg = Release|Any CPU
		{8739DABE-E37B-4BFC-9E07-FEDB0BB1BCA6}.Release|Any CPU.Build.0 = Release|Any CPU
		{06A4D57A-C8E4-4A8F-8851-E06E6D44F046}.Debug|Any CPU.ActiveCfg = Debug|Any CPU
		{06A4D57A-C8E4-4A8F-8851-E06E6D44F046}.Debug|Any CPU.Build.0 = Debug|Any CPU
		{06A4D57A-C8E4-4A8F-8851-E06E6D44F046}.Release|Any CPU.ActiveCfg = Release|Any CPU
		{06A4D57A-C8E4-4A8F-8851-E06E6D44F046}.Release|Any CPU.Build.0 = Release|Any CPU
	EndGlobalSection
	GlobalSection(SolutionProperties) = preSolution
		HideSolutionNode = FALSE
	EndGlobalSection
	GlobalSection(ExtensibilityGlobals) = postSolution
		SolutionGuid = {58F385A9-12E6-4848-B875-6FEFD6D4486F}
	EndGlobalSection
EndGlobal
